
Microsoft Visual Studio Solution File, Format Version 11.00
# Visual Studio 2010
Project("{FAE04EC0-301F-11D3-BF4B-00C04F79EFBC}") = "Assembly-CSharp", "Assembly-CSharp.csproj", "{1059BAD0-5F76-D9F9-A3AB-87C21B09BFDD}"
EndProject
Project("{FAE04EC0-301F-11D3-BF4B-00C04F79EFBC}") = "Assembly-CSharp-Editor", "Assembly-CSharp-Editor.csproj", "{69472662-9F5C-E3F0-7B0F-A833FADEF9F7}"
EndProject
Global
	GlobalSection(SolutionConfigurationPlatforms) = preSolution
		Debug|Any CPU = Debug|Any CPU
		Release|Any CPU = Release|Any CPU
	EndGlobalSection
	GlobalSection(ProjectConfigurationPlatforms) = postSolution
		{1059BAD0-5F76-D9F9-A3AB-87C21B09BFDD}.Debug|Any CPU.ActiveCfg = Debug|Any CPU
		{1059BAD0-5F76-D9F9-A3AB-87C21B09BFDD}.Debug|Any CPU.Build.0 = Debug|Any CPU
		{1059BAD0-5F76-D9F9-A3AB-87C21B09BFDD}.Release|Any CPU.ActiveCfg = Release|Any CPU
		{1059BAD0-5F76-D9F9-A3AB-87C21B09BFDD}.Release|Any CPU.Build.0 = Release|Any CPU
		{69472662-9F5C-E3F0-7B0F-A833FADEF9F7}.Debug|Any CPU.ActiveCfg = Debug|Any CPU
		{69472662-9F5C-E3F0-7B0F-A833FADEF9F7}.Debug|Any CPU.Build.0 = Debug|Any CPU
		{69472662-9F5C-E3F0-7B0F-A833FADEF9F7}.Release|Any CPU.ActiveCfg = Release|Any CPU
		{69472662-9F5C-E3F0-7B0F-A833FADEF9F7}.Release|Any CPU.Build.0 = Release|Any CPU
	EndGlobalSection
	GlobalSection(SolutionProperties) = preSolution
		HideSolutionNode = FALSE
	EndGlobalSection
	GlobalSection(MonoDevelopProperties) = preSolution
		StartupItem = Assembly-CSharp.csproj
	EndGlobalSection
EndGlobal
