
Microsoft Visual Studio Solution File, Format Version 11.00
# Visual Studio 2010
Project("{FAE04EC0-301F-11D3-BF4B-00C04F79EFBC}") = "Assembly-CSharp", "Assembly-CSharp.csproj", "{8C036C03-2565-B999-5E4B-55BDA098F523}"
EndProject
Project("{FAE04EC0-301F-11D3-BF4B-00C04F79EFBC}") = "Assembly-CSharp-Editor", "Assembly-CSharp-Editor.csproj", "{08383EB9-D636-6A6E-128E-AB52797B94F6}"
EndProject
Global
	GlobalSection(SolutionConfigurationPlatforms) = preSolution
		Debug|Any CPU = Debug|Any CPU
		Release|Any CPU = Release|Any CPU
	EndGlobalSection
	GlobalSection(ProjectConfigurationPlatforms) = postSolution
		{8C036C03-2565-B999-5E4B-55BDA098F523}.Debug|Any CPU.ActiveCfg = Debug|Any CPU
		{8C036C03-2565-B999-5E4B-55BDA098F523}.Debug|Any CPU.Build.0 = Debug|Any CPU
		{8C036C03-2565-B999-5E4B-55BDA098F523}.Release|Any CPU.ActiveCfg = Release|Any CPU
		{8C036C03-2565-B999-5E4B-55BDA098F523}.Release|Any CPU.Build.0 = Release|Any CPU
		{08383EB9-D636-6A6E-128E-AB52797B94F6}.Debug|Any CPU.ActiveCfg = Debug|Any CPU
		{08383EB9-D636-6A6E-128E-AB52797B94F6}.Debug|Any CPU.Build.0 = Debug|Any CPU
		{08383EB9-D636-6A6E-128E-AB52797B94F6}.Release|Any CPU.ActiveCfg = Release|Any CPU
		{08383EB9-D636-6A6E-128E-AB52797B94F6}.Release|Any CPU.Build.0 = Release|Any CPU
	EndGlobalSection
	GlobalSection(SolutionProperties) = preSolution
		HideSolutionNode = FALSE
	EndGlobalSection
	GlobalSection(MonoDevelopProperties) = preSolution
		StartupItem = Assembly-CSharp.csproj
	EndGlobalSection
EndGlobal
