Microsoft Visual Studio Solution File, Format Version 11.00
# Visual Studio 2010
Project("{FAE04EC0-301F-11D3-BF4B-00C04F79EFBC}") = "Assembly-CSharp", "Assembly-CSharp.csproj", "{D2F7739B-964E-79C5-D5FD-78746A8B94A1}"
EndProject
Project("{FAE04EC0-301F-11D3-BF4B-00C04F79EFBC}") = "Assembly-CSharp-Editor", "Assembly-CSharp-Editor.csproj", "{5E722D33-C795-07AD-D4AF-03311EC2CC3D}"
EndProject
Global
	GlobalSection(SolutionConfigurationPlatforms) = preSolution
		Debug|Any CPU = Debug|Any CPU
		Release|Any CPU = Release|Any CPU
	EndGlobalSection
	GlobalSection(ProjectConfigurationPlatforms) = postSolution
		{D2F7739B-964E-79C5-D5FD-78746A8B94A1}.Debug|Any CPU.ActiveCfg = Debug|Any CPU
		{D2F7739B-964E-79C5-D5FD-78746A8B94A1}.Debug|Any CPU.Build.0 = Debug|Any CPU
		{D2F7739B-964E-79C5-D5FD-78746A8B94A1}.Release|Any CPU.ActiveCfg = Release|Any CPU
		{D2F7739B-964E-79C5-D5FD-78746A8B94A1}.Release|Any CPU.Build.0 = Release|Any CPU
		{5E722D33-C795-07AD-D4AF-03311EC2CC3D}.Debug|Any CPU.ActiveCfg = Debug|Any CPU
		{5E722D33-C795-07AD-D4AF-03311EC2CC3D}.Debug|Any CPU.Build.0 = Debug|Any CPU
		{5E722D33-C795-07AD-D4AF-03311EC2CC3D}.Release|Any CPU.ActiveCfg = Release|Any CPU
		{5E722D33-C795-07AD-D4AF-03311EC2CC3D}.Release|Any CPU.Build.0 = Release|Any CPU
	EndGlobalSection
	GlobalSection(SolutionProperties) = preSolution
		HideSolutionNode = FALSE
	EndGlobalSection
	GlobalSection(MonoDevelopProperties) = preSolution
		StartupItem = Assembly-CSharp.csproj
	EndGlobalSection
EndGlobal
